// !$*UTF8*$!
{
	archiveVersion = 1;
	classes = {
	};
	objectVersion = 46;
	objects = {

/* Begin PBXBuildFile section */
		400562CA517F9D65E7248FB7 /* Pods_ChatChat.framework in Frameworks */ = {isa = PBXBuildFile; fileRef = 352FC4E084F52E41D802357C /* Pods_ChatChat.framework */; };
		459780D31D6465FB007BE66F /* UIImage+Gif.swift in Sources */ = {isa = PBXBuildFile; fileRef = 459780D21D6465FB007BE66F /* UIImage+Gif.swift */; };
		459E535F1D4BF36A00E675A5 /* License in Resources */ = {isa = PBXBuildFile; fileRef = 459E535E1D4BF36A00E675A5 /* License */; };
		45A0D8FA1D49419500F26729 /* ChannelListViewController.swift in Sources */ = {isa = PBXBuildFile; fileRef = 45A0D8F91D49419500F26729 /* ChannelListViewController.swift */; };
		45A0D8FE1D49508800F26729 /* CreateChannelCell.swift in Sources */ = {isa = PBXBuildFile; fileRef = 45A0D8FD1D49508800F26729 /* CreateChannelCell.swift */; };
		45A0D9011D4BB5E900F26729 /* Channel.swift in Sources */ = {isa = PBXBuildFile; fileRef = 45A0D9001D4BB5E900F26729 /* Channel.swift */; };
		BB53557A1BEF765800321277 /* AppDelegate.swift in Sources */ = {isa = PBXBuildFile; fileRef = BB5355791BEF765800321277 /* AppDelegate.swift */; };
		BB53557F1BEF765800321277 /* Main.storyboard in Resources */ = {isa = PBXBuildFile; fileRef = BB53557D1BEF765800321277 /* Main.storyboard */; };
		BB5355811BEF765800321277 /* Assets.xcassets in Resources */ = {isa = PBXBuildFile; fileRef = BB5355801BEF765800321277 /* Assets.xcassets */; };
		BB5355841BEF765800321277 /* LaunchScreen.storyboard in Resources */ = {isa = PBXBuildFile; fileRef = BB5355821BEF765800321277 /* LaunchScreen.storyboard */; };
		FBEE53041D7B26450004CC1B /* ChatViewController.swift in Sources */ = {isa = PBXBuildFile; fileRef = FBEE53031D7B26450004CC1B /* ChatViewController.swift */; };
		FF7931191E7BEA7D0081623E /* GoogleService-Info.plist in Resources */ = {isa = PBXBuildFile; fileRef = FF7931181E7BEA7D0081623E /* GoogleService-Info.plist */; };
		FFA167E41E7FC50D003C073A /* .gitkeep in Resources */ = {isa = PBXBuildFile; fileRef = FFA167DC1E7FC50D003C073A /* .gitkeep */; };
		FFA167E51E7FC50D003C073A /* Api.swift in Sources */ = {isa = PBXBuildFile; fileRef = FFA167DD1E7FC50D003C073A /* Api.swift */; };
		FFA167E61E7FC50D003C073A /* Constants.swift in Sources */ = {isa = PBXBuildFile; fileRef = FFA167DE1E7FC50D003C073A /* Constants.swift */; };
		FFA167E71E7FC50D003C073A /* DateHelper.swift in Sources */ = {isa = PBXBuildFile; fileRef = FFA167DF1E7FC50D003C073A /* DateHelper.swift */; };
		FFA167E81E7FC50D003C073A /* LocationManager.swift in Sources */ = {isa = PBXBuildFile; fileRef = FFA167E01E7FC50D003C073A /* LocationManager.swift */; };
		FFA167E91E7FC50D003C073A /* UIAvatar.swift in Sources */ = {isa = PBXBuildFile; fileRef = FFA167E11E7FC50D003C073A /* UIAvatar.swift */; };
		FFA167EA1E7FC50D003C073A /* UIView_Borders.swift in Sources */ = {isa = PBXBuildFile; fileRef = FFA167E21E7FC50D003C073A /* UIView_Borders.swift */; };
		FFA167EB1E7FC50D003C073A /* Util.swift in Sources */ = {isa = PBXBuildFile; fileRef = FFA167E31E7FC50D003C073A /* Util.swift */; };
		FFA167ED1E7FC5D3003C073A /* Login.storyboard in Resources */ = {isa = PBXBuildFile; fileRef = FFA167EC1E7FC5D3003C073A /* Login.storyboard */; };
		FFA167EF1E7FC727003C073A /* LoginViewController.swift in Sources */ = {isa = PBXBuildFile; fileRef = FFA167EE1E7FC727003C073A /* LoginViewController.swift */; };
		FFA167F01E7FD8D8003C073A /* ChatChat.entitlements in Resources */ = {isa = PBXBuildFile; fileRef = 4570C5E21D54FD11007946D9 /* ChatChat.entitlements */; };
		FFA167F11E7FD8D8003C073A /* Channel.swift in Resources */ = {isa = PBXBuildFile; fileRef = 45A0D9001D4BB5E900F26729 /* Channel.swift */; };
		FFA167F21E7FD8F1003C073A /* UIImage+Gif.swift in Resources */ = {isa = PBXBuildFile; fileRef = 459780D21D6465FB007BE66F /* UIImage+Gif.swift */; };
		FFA167F41E7FDDB1003C073A /* FireBaseControl.swift in Sources */ = {isa = PBXBuildFile; fileRef = FFA167F31E7FDDB1003C073A /* FireBaseControl.swift */; };
		FFA167F61E80D78A003C073A /* AsymmetricCryptoManager.swift in Sources */ = {isa = PBXBuildFile; fileRef = FFA167F51E80D78A003C073A /* AsymmetricCryptoManager.swift */; };
		FFA167F91E80DC13003C073A /* CryptoExportImportManager.swift in Sources */ = {isa = PBXBuildFile; fileRef = FFA167F71E80DC13003C073A /* CryptoExportImportManager.swift */; };
		FFA167FA1E80DC13003C073A /* Data+HexDescription.swift in Sources */ = {isa = PBXBuildFile; fileRef = FFA167F81E80DC13003C073A /* Data+HexDescription.swift */; };
		FFA167FC1E810BE9003C073A /* SwCrypt.swift in Sources */ = {isa = PBXBuildFile; fileRef = FFA167FB1E810BE9003C073A /* SwCrypt.swift */; };
		FFA167FF1E812AF2003C073A /* ChannelCell.swift in Sources */ = {isa = PBXBuildFile; fileRef = FFA167FD1E812AF2003C073A /* ChannelCell.swift */; };
		FFA168001E812AF2003C073A /* ChannelCell.xib in Resources */ = {isa = PBXBuildFile; fileRef = FFA167FE1E812AF2003C073A /* ChannelCell.xib */; };
		FFA168021E813132003C073A /* FriendListViewController.swift in Sources */ = {isa = PBXBuildFile; fileRef = FFA168011E813132003C073A /* FriendListViewController.swift */; };
		FFA168051E813150003C073A /* FriendCell.swift in Sources */ = {isa = PBXBuildFile; fileRef = FFA168031E813150003C073A /* FriendCell.swift */; };
		FFA168061E813150003C073A /* FriendCell.xib in Resources */ = {isa = PBXBuildFile; fileRef = FFA168041E813150003C073A /* FriendCell.xib */; };
		FFA168081E8134ED003C073A /* ForwardFriendViewController.swift in Sources */ = {isa = PBXBuildFile; fileRef = FFA168071E8134ED003C073A /* ForwardFriendViewController.swift */; };
		FFA1680A1E813E45003C073A /* User.swift in Sources */ = {isa = PBXBuildFile; fileRef = FFA168091E813E45003C073A /* User.swift */; };
/* End PBXBuildFile section */

/* Begin PBXFileReference section */
		2B44689BE4A7247F46955B09 /* Pods-ChatChat.release.xcconfig */ = {isa = PBXFileReference; includeInIndex = 1; lastKnownFileType = text.xcconfig; name = "Pods-ChatChat.release.xcconfig"; path = "Pods/Target Support Files/Pods-ChatChat/Pods-ChatChat.release.xcconfig"; sourceTree = "<group>"; };
		352FC4E084F52E41D802357C /* Pods_ChatChat.framework */ = {isa = PBXFileReference; explicitFileType = wrapper.framework; includeInIndex = 0; path = Pods_ChatChat.framework; sourceTree = BUILT_PRODUCTS_DIR; };
		4570C5E21D54FD11007946D9 /* ChatChat.entitlements */ = {isa = PBXFileReference; lastKnownFileType = text.plist.entitlements; path = ChatChat.entitlements; sourceTree = "<group>"; };
		459780D21D6465FB007BE66F /* UIImage+Gif.swift */ = {isa = PBXFileReference; fileEncoding = 4; lastKnownFileType = sourcecode.swift; path = "UIImage+Gif.swift"; sourceTree = "<group>"; };
		459E535E1D4BF36A00E675A5 /* License */ = {isa = PBXFileReference; fileEncoding = 4; lastKnownFileType = text; path = License; sourceTree = "<group>"; };
		45A0D8F91D49419500F26729 /* ChannelListViewController.swift */ = {isa = PBXFileReference; fileEncoding = 4; lastKnownFileType = sourcecode.swift; path = ChannelListViewController.swift; sourceTree = "<group>"; };
		45A0D8FD1D49508800F26729 /* CreateChannelCell.swift */ = {isa = PBXFileReference; fileEncoding = 4; lastKnownFileType = sourcecode.swift; path = CreateChannelCell.swift; sourceTree = "<group>"; };
		45A0D9001D4BB5E900F26729 /* Channel.swift */ = {isa = PBXFileReference; fileEncoding = 4; lastKnownFileType = sourcecode.swift; path = Channel.swift; sourceTree = "<group>"; };
		7F69972DA3F799F643A9EEE0 /* Pods-ChatChat.debug.xcconfig */ = {isa = PBXFileReference; includeInIndex = 1; lastKnownFileType = text.xcconfig; name = "Pods-ChatChat.debug.xcconfig"; path = "Pods/Target Support Files/Pods-ChatChat/Pods-ChatChat.debug.xcconfig"; sourceTree = "<group>"; };
		BB1E97061C147BAA00E34853 /* ChatChat-Bridging-Header.h */ = {isa = PBXFileReference; fileEncoding = 4; lastKnownFileType = sourcecode.c.h; path = "ChatChat-Bridging-Header.h"; sourceTree = "<group>"; };
		BB5355761BEF765800321277 /* ChatChat.app */ = {isa = PBXFileReference; explicitFileType = wrapper.application; includeInIndex = 0; path = ChatChat.app; sourceTree = BUILT_PRODUCTS_DIR; };
		BB5355791BEF765800321277 /* AppDelegate.swift */ = {isa = PBXFileReference; lastKnownFileType = sourcecode.swift; path = AppDelegate.swift; sourceTree = "<group>"; };
		BB53557E1BEF765800321277 /* Base */ = {isa = PBXFileReference; lastKnownFileType = file.storyboard; name = Base; path = Base.lproj/Main.storyboard; sourceTree = "<group>"; };
		BB5355801BEF765800321277 /* Assets.xcassets */ = {isa = PBXFileReference; lastKnownFileType = folder.assetcatalog; path = Assets.xcassets; sourceTree = "<group>"; };
		BB5355831BEF765800321277 /* Base */ = {isa = PBXFileReference; lastKnownFileType = file.storyboard; name = Base; path = Base.lproj/LaunchScreen.storyboard; sourceTree = "<group>"; };
		BB5355851BEF765800321277 /* Info.plist */ = {isa = PBXFileReference; lastKnownFileType = text.plist.xml; path = Info.plist; sourceTree = "<group>"; };
		E8DDF38A1BEF88DC00B5F45A /* Accounts.framework */ = {isa = PBXFileReference; lastKnownFileType = wrapper.framework; name = Accounts.framework; path = System/Library/Frameworks/Accounts.framework; sourceTree = SDKROOT; };
		E8DDF38C1BEF88E200B5F45A /* Social.framework */ = {isa = PBXFileReference; lastKnownFileType = wrapper.framework; name = Social.framework; path = System/Library/Frameworks/Social.framework; sourceTree = SDKROOT; };
		FBEE53031D7B26450004CC1B /* ChatViewController.swift */ = {isa = PBXFileReference; fileEncoding = 4; lastKnownFileType = sourcecode.swift; path = ChatViewController.swift; sourceTree = "<group>"; };
		FF7931181E7BEA7D0081623E /* GoogleService-Info.plist */ = {isa = PBXFileReference; fileEncoding = 4; lastKnownFileType = text.plist.xml; path = "GoogleService-Info.plist"; sourceTree = "<group>"; };
		FFA167DC1E7FC50D003C073A /* .gitkeep */ = {isa = PBXFileReference; fileEncoding = 4; lastKnownFileType = text; path = .gitkeep; sourceTree = "<group>"; };
		FFA167DD1E7FC50D003C073A /* Api.swift */ = {isa = PBXFileReference; fileEncoding = 4; lastKnownFileType = sourcecode.swift; path = Api.swift; sourceTree = "<group>"; };
		FFA167DE1E7FC50D003C073A /* Constants.swift */ = {isa = PBXFileReference; fileEncoding = 4; lastKnownFileType = sourcecode.swift; path = Constants.swift; sourceTree = "<group>"; };
		FFA167DF1E7FC50D003C073A /* DateHelper.swift */ = {isa = PBXFileReference; fileEncoding = 4; lastKnownFileType = sourcecode.swift; path = DateHelper.swift; sourceTree = "<group>"; };
		FFA167E01E7FC50D003C073A /* LocationManager.swift */ = {isa = PBXFileReference; fileEncoding = 4; lastKnownFileType = sourcecode.swift; path = LocationManager.swift; sourceTree = "<group>"; };
		FFA167E11E7FC50D003C073A /* UIAvatar.swift */ = {isa = PBXFileReference; fileEncoding = 4; lastKnownFileType = sourcecode.swift; path = UIAvatar.swift; sourceTree = "<group>"; };
		FFA167E21E7FC50D003C073A /* UIView_Borders.swift */ = {isa = PBXFileReference; fileEncoding = 4; lastKnownFileType = sourcecode.swift; path = UIView_Borders.swift; sourceTree = "<group>"; };
		FFA167E31E7FC50D003C073A /* Util.swift */ = {isa = PBXFileReference; fileEncoding = 4; lastKnownFileType = sourcecode.swift; path = Util.swift; sourceTree = "<group>"; };
		FFA167EC1E7FC5D3003C073A /* Login.storyboard */ = {isa = PBXFileReference; fileEncoding = 4; lastKnownFileType = file.storyboard; path = Login.storyboard; sourceTree = "<group>"; };
		FFA167EE1E7FC727003C073A /* LoginViewController.swift */ = {isa = PBXFileReference; fileEncoding = 4; lastKnownFileType = sourcecode.swift; path = LoginViewController.swift; sourceTree = "<group>"; };
		FFA167F31E7FDDB1003C073A /* FireBaseControl.swift */ = {isa = PBXFileReference; fileEncoding = 4; lastKnownFileType = sourcecode.swift; path = FireBaseControl.swift; sourceTree = "<group>"; };
		FFA167F51E80D78A003C073A /* AsymmetricCryptoManager.swift */ = {isa = PBXFileReference; fileEncoding = 4; lastKnownFileType = sourcecode.swift; path = AsymmetricCryptoManager.swift; sourceTree = "<group>"; };
		FFA167F71E80DC13003C073A /* CryptoExportImportManager.swift */ = {isa = PBXFileReference; fileEncoding = 4; lastKnownFileType = sourcecode.swift; path = CryptoExportImportManager.swift; sourceTree = "<group>"; };
		FFA167F81E80DC13003C073A /* Data+HexDescription.swift */ = {isa = PBXFileReference; fileEncoding = 4; lastKnownFileType = sourcecode.swift; path = "Data+HexDescription.swift"; sourceTree = "<group>"; };
		FFA167FB1E810BE9003C073A /* SwCrypt.swift */ = {isa = PBXFileReference; fileEncoding = 4; lastKnownFileType = sourcecode.swift; path = SwCrypt.swift; sourceTree = "<group>"; };
		FFA167FD1E812AF2003C073A /* ChannelCell.swift */ = {isa = PBXFileReference; fileEncoding = 4; lastKnownFileType = sourcecode.swift; path = ChannelCell.swift; sourceTree = "<group>"; };
		FFA167FE1E812AF2003C073A /* ChannelCell.xib */ = {isa = PBXFileReference; fileEncoding = 4; lastKnownFileType = file.xib; path = ChannelCell.xib; sourceTree = "<group>"; };
		FFA168011E813132003C073A /* FriendListViewController.swift */ = {isa = PBXFileReference; fileEncoding = 4; lastKnownFileType = sourcecode.swift; path = FriendListViewController.swift; sourceTree = "<group>"; };
		FFA168031E813150003C073A /* FriendCell.swift */ = {isa = PBXFileReference; fileEncoding = 4; lastKnownFileType = sourcecode.swift; path = FriendCell.swift; sourceTree = "<group>"; };
		FFA168041E813150003C073A /* FriendCell.xib */ = {isa = PBXFileReference; fileEncoding = 4; lastKnownFileType = file.xib; path = FriendCell.xib; sourceTree = "<group>"; };
		FFA168071E8134ED003C073A /* ForwardFriendViewController.swift */ = {isa = PBXFileReference; fileEncoding = 4; lastKnownFileType = sourcecode.swift; path = ForwardFriendViewController.swift; sourceTree = "<group>"; };
		FFA168091E813E45003C073A /* User.swift */ = {isa = PBXFileReference; fileEncoding = 4; lastKnownFileType = sourcecode.swift; path = User.swift; sourceTree = "<group>"; };
/* End PBXFileReference section */

/* Begin PBXFrameworksBuildPhase section */
		BB5355731BEF765800321277 /* Frameworks */ = {
			isa = PBXFrameworksBuildPhase;
			buildActionMask = 2147483647;
			files = (
				400562CA517F9D65E7248FB7 /* Pods_ChatChat.framework in Frameworks */,
			);
			runOnlyForDeploymentPostprocessing = 0;
		};
/* End PBXFrameworksBuildPhase section */

/* Begin PBXGroup section */
		45A0D8FF1D4BB5DD00F26729 /* Model */ = {
			isa = PBXGroup;
			children = (
				FFA167F31E7FDDB1003C073A /* FireBaseControl.swift */,
				45A0D9001D4BB5E900F26729 /* Channel.swift */,
				FFA168091E813E45003C073A /* User.swift */,
			);
			name = Model;
			sourceTree = "<group>";
		};
		78CAB62D95E77E47587FA30E /* Pods */ = {
			isa = PBXGroup;
			children = (
				7F69972DA3F799F643A9EEE0 /* Pods-ChatChat.debug.xcconfig */,
				2B44689BE4A7247F46955B09 /* Pods-ChatChat.release.xcconfig */,
			);
			name = Pods;
			sourceTree = "<group>";
		};
		97CEDEF6DA0B51A3522B766A /* Frameworks */ = {
			isa = PBXGroup;
			children = (
				E8DDF38C1BEF88E200B5F45A /* Social.framework */,
				E8DDF38A1BEF88DC00B5F45A /* Accounts.framework */,
				352FC4E084F52E41D802357C /* Pods_ChatChat.framework */,
			);
			name = Frameworks;
			sourceTree = "<group>";
		};
		BB53556D1BEF765800321277 = {
			isa = PBXGroup;
			children = (
				BB5355781BEF765800321277 /* ChatChat */,
				BB5355771BEF765800321277 /* Products */,
				97CEDEF6DA0B51A3522B766A /* Frameworks */,
				78CAB62D95E77E47587FA30E /* Pods */,
			);
			sourceTree = "<group>";
		};
		BB5355771BEF765800321277 /* Products */ = {
			isa = PBXGroup;
			children = (
				BB5355761BEF765800321277 /* ChatChat.app */,
			);
			name = Products;
			sourceTree = "<group>";
		};
		BB5355781BEF765800321277 /* ChatChat */ = {
			isa = PBXGroup;
			children = (
				4570C5E21D54FD11007946D9 /* ChatChat.entitlements */,
				FF7931181E7BEA7D0081623E /* GoogleService-Info.plist */,
				45A0D8FF1D4BB5DD00F26729 /* Model */,
				BB5355901BEF816500321277 /* Controller */,
				BB5355921BEF818700321277 /* Layout */,
				FFA167DB1E7FC50D003C073A /* Helper */,
				BB5355911BEF817A00321277 /* Supporting Files */,
				BB5355801BEF765800321277 /* Assets.xcassets */,
			);
			path = ChatChat;
			sourceTree = "<group>";
		};
		BB5355901BEF816500321277 /* Controller */ = {
			isa = PBXGroup;
			children = (
				FFA167EE1E7FC727003C073A /* LoginViewController.swift */,
				45A0D8F91D49419500F26729 /* ChannelListViewController.swift */,
				FBEE53031D7B26450004CC1B /* ChatViewController.swift */,
				FFA168011E813132003C073A /* FriendListViewController.swift */,
				FFA168071E8134ED003C073A /* ForwardFriendViewController.swift */,
			);
			name = Controller;
			sourceTree = "<group>";
		};
		BB5355911BEF817A00321277 /* Supporting Files */ = {
			isa = PBXGroup;
			children = (
				BB1E97061C147BAA00E34853 /* ChatChat-Bridging-Header.h */,
				BB5355791BEF765800321277 /* AppDelegate.swift */,
				459780D21D6465FB007BE66F /* UIImage+Gif.swift */,
				BB5355851BEF765800321277 /* Info.plist */,
			);
			name = "Supporting Files";
			sourceTree = "<group>";
		};
		BB5355921BEF818700321277 /* Layout */ = {
			isa = PBXGroup;
			children = (
				45A0D8FD1D49508800F26729 /* CreateChannelCell.swift */,
				BB53557D1BEF765800321277 /* Main.storyboard */,
				FFA167EC1E7FC5D3003C073A /* Login.storyboard */,
				BB5355821BEF765800321277 /* LaunchScreen.storyboard */,
				459E535E1D4BF36A00E675A5 /* License */,
				FFA167FD1E812AF2003C073A /* ChannelCell.swift */,
				FFA167FE1E812AF2003C073A /* ChannelCell.xib */,
				FFA168031E813150003C073A /* FriendCell.swift */,
				FFA168041E813150003C073A /* FriendCell.xib */,
			);
			name = Layout;
			sourceTree = "<group>";
		};
		FFA167DB1E7FC50D003C073A /* Helper */ = {
			isa = PBXGroup;
			children = (
				FFA167FB1E810BE9003C073A /* SwCrypt.swift */,
				FFA167F71E80DC13003C073A /* CryptoExportImportManager.swift */,
				FFA167F81E80DC13003C073A /* Data+HexDescription.swift */,
				FFA167F51E80D78A003C073A /* AsymmetricCryptoManager.swift */,
				FFA167DC1E7FC50D003C073A /* .gitkeep */,
				FFA167DD1E7FC50D003C073A /* Api.swift */,
				FFA167DE1E7FC50D003C073A /* Constants.swift */,
				FFA167DF1E7FC50D003C073A /* DateHelper.swift */,
				FFA167E01E7FC50D003C073A /* LocationManager.swift */,
				FFA167E11E7FC50D003C073A /* UIAvatar.swift */,
				FFA167E21E7FC50D003C073A /* UIView_Borders.swift */,
				FFA167E31E7FC50D003C073A /* Util.swift */,
			);
			path = Helper;
			sourceTree = "<group>";
		};
/* End PBXGroup section */

/* Begin PBXNativeTarget section */
		BB5355751BEF765800321277 /* ChatChat */ = {
			isa = PBXNativeTarget;
			buildConfigurationList = BB5355881BEF765800321277 /* Build configuration list for PBXNativeTarget "ChatChat" */;
			buildPhases = (
				1E13CF183FFFD629D2C82808 /* [CP] Check Pods Manifest.lock */,
				BB5355721BEF765800321277 /* Sources */,
				BB5355731BEF765800321277 /* Frameworks */,
				BB5355741BEF765800321277 /* Resources */,
				6A498DDB563FD8396818C00C /* [CP] Embed Pods Frameworks */,
				42E6F9E6C207BADB630F9DDF /* [CP] Copy Pods Resources */,
			);
			buildRules = (
			);
			dependencies = (
			);
			name = ChatChat;
			productName = ChatChat;
			productReference = BB5355761BEF765800321277 /* ChatChat.app */;
			productType = "com.apple.product-type.application";
		};
/* End PBXNativeTarget section */

/* Begin PBXProject section */
		BB53556E1BEF765800321277 /* Project object */ = {
			isa = PBXProject;
			attributes = {
				LastSwiftUpdateCheck = 0700;
				LastUpgradeCheck = 0800;
				ORGANIZATIONNAME = "Razeware LLC";
				TargetAttributes = {
					BB5355751BEF765800321277 = {
						CreatedOnToolsVersion = 7.0;
						DevelopmentTeam = 556LZQ7WUH;
						LastSwiftMigration = 0800;
						ProvisioningStyle = Manual;
						SystemCapabilities = {
							com.apple.Keychain = {
								enabled = 1;
							};
						};
					};
				};
			};
			buildConfigurationList = BB5355711BEF765800321277 /* Build configuration list for PBXProject "ChatChat" */;
			compatibilityVersion = "Xcode 3.2";
			developmentRegion = English;
			hasScannedForEncodings = 0;
			knownRegions = (
				en,
				Base,
			);
			mainGroup = BB53556D1BEF765800321277;
			productRefGroup = BB5355771BEF765800321277 /* Products */;
			projectDirPath = "";
			projectRoot = "";
			targets = (
				BB5355751BEF765800321277 /* ChatChat */,
			);
		};
/* End PBXProject section */

/* Begin PBXResourcesBuildPhase section */
		BB5355741BEF765800321277 /* Resources */ = {
			isa = PBXResourcesBuildPhase;
			buildActionMask = 2147483647;
			files = (
				FFA167F21E7FD8F1003C073A /* UIImage+Gif.swift in Resources */,
				FFA167F01E7FD8D8003C073A /* ChatChat.entitlements in Resources */,
				FFA167F11E7FD8D8003C073A /* Channel.swift in Resources */,
				FFA168001E812AF2003C073A /* ChannelCell.xib in Resources */,
				BB5355841BEF765800321277 /* LaunchScreen.storyboard in Resources */,
				BB5355811BEF765800321277 /* Assets.xcassets in Resources */,
				FFA167ED1E7FC5D3003C073A /* Login.storyboard in Resources */,
				FFA168061E813150003C073A /* FriendCell.xib in Resources */,
				459E535F1D4BF36A00E675A5 /* License in Resources */,
				FFA167E41E7FC50D003C073A /* .gitkeep in Resources */,
				BB53557F1BEF765800321277 /* Main.storyboard in Resources */,
				FF7931191E7BEA7D0081623E /* GoogleService-Info.plist in Resources */,
			);
			runOnlyForDeploymentPostprocessing = 0;
		};
/* End PBXResourcesBuildPhase section */

/* Begin PBXShellScriptBuildPhase section */
		1E13CF183FFFD629D2C82808 /* [CP] Check Pods Manifest.lock */ = {
			isa = PBXShellScriptBuildPhase;
			buildActionMask = 2147483647;
			files = (
			);
			inputPaths = (
			);
			name = "[CP] Check Pods Manifest.lock";
			outputPaths = (
			);
			runOnlyForDeploymentPostprocessing = 0;
			shellPath = /bin/sh;
			shellScript = "diff \"${PODS_ROOT}/../Podfile.lock\" \"${PODS_ROOT}/Manifest.lock\" > /dev/null\nif [ $? != 0 ] ; then\n    # print error to STDERR\n    echo \"error: The sandbox is not in sync with the Podfile.lock. Run 'pod install' or update your CocoaPods installation.\" >&2\n    exit 1\nfi\n";
			showEnvVarsInLog = 0;
		};
		42E6F9E6C207BADB630F9DDF /* [CP] Copy Pods Resources */ = {
			isa = PBXShellScriptBuildPhase;
			buildActionMask = 2147483647;
			files = (
			);
			inputPaths = (
			);
			name = "[CP] Copy Pods Resources";
			outputPaths = (
			);
			runOnlyForDeploymentPostprocessing = 0;
			shellPath = /bin/sh;
			shellScript = "\"${SRCROOT}/Pods/Target Support Files/Pods-ChatChat/Pods-ChatChat-resources.sh\"\n";
			showEnvVarsInLog = 0;
		};
		6A498DDB563FD8396818C00C /* [CP] Embed Pods Frameworks */ = {
			isa = PBXShellScriptBuildPhase;
			buildActionMask = 2147483647;
			files = (
			);
			inputPaths = (
			);
			name = "[CP] Embed Pods Frameworks";
			outputPaths = (
			);
			runOnlyForDeploymentPostprocessing = 0;
			shellPath = /bin/sh;
			shellScript = "\"${SRCROOT}/Pods/Target Support Files/Pods-ChatChat/Pods-ChatChat-frameworks.sh\"\n";
			showEnvVarsInLog = 0;
		};
/* End PBXShellScriptBuildPhase section */

/* Begin PBXSourcesBuildPhase section */
		BB5355721BEF765800321277 /* Sources */ = {
			isa = PBXSourcesBuildPhase;
			buildActionMask = 2147483647;
			files = (
				FFA167EF1E7FC727003C073A /* LoginViewController.swift in Sources */,
				45A0D9011D4BB5E900F26729 /* Channel.swift in Sources */,
				FFA167FC1E810BE9003C073A /* SwCrypt.swift in Sources */,
				FFA167F61E80D78A003C073A /* AsymmetricCryptoManager.swift in Sources */,
				FFA167E91E7FC50D003C073A /* UIAvatar.swift in Sources */,
				459780D31D6465FB007BE66F /* UIImage+Gif.swift in Sources */,
				FFA167E81E7FC50D003C073A /* LocationManager.swift in Sources */,
				FBEE53041D7B26450004CC1B /* ChatViewController.swift in Sources */,
				FFA168081E8134ED003C073A /* ForwardFriendViewController.swift in Sources */,
				45A0D8FA1D49419500F26729 /* ChannelListViewController.swift in Sources */,
				FFA167FF1E812AF2003C073A /* ChannelCell.swift in Sources */,
				FFA167F41E7FDDB1003C073A /* FireBaseControl.swift in Sources */,
				FFA168051E813150003C073A /* FriendCell.swift in Sources */,
				FFA168021E813132003C073A /* FriendListViewController.swift in Sources */,
				FFA167E71E7FC50D003C073A /* DateHelper.swift in Sources */,
				BB53557A1BEF765800321277 /* AppDelegate.swift in Sources */,
				FFA167E51E7FC50D003C073A /* Api.swift in Sources */,
				45A0D8FE1D49508800F26729 /* CreateChannelCell.swift in Sources */,
				FFA167EB1E7FC50D003C073A /* Util.swift in Sources */,
				FFA167FA1E80DC13003C073A /* Data+HexDescription.swift in Sources */,
				FFA1680A1E813E45003C073A /* User.swift in Sources */,
				FFA167E61E7FC50D003C073A /* Constants.swift in Sources */,
				FFA167EA1E7FC50D003C073A /* UIView_Borders.swift in Sources */,
				FFA167F91E80DC13003C073A /* CryptoExportImportManager.swift in Sources */,
			);
			runOnlyForDeploymentPostprocessing = 0;
		};
/* End PBXSourcesBuildPhase section */

/* Begin PBXVariantGroup section */
		BB53557D1BEF765800321277 /* Main.storyboard */ = {
			isa = PBXVariantGroup;
			children = (
				BB53557E1BEF765800321277 /* Base */,
			);
			name = Main.storyboard;
			sourceTree = "<group>";
		};
		BB5355821BEF765800321277 /* LaunchScreen.storyboard */ = {
			isa = PBXVariantGroup;
			children = (
				BB5355831BEF765800321277 /* Base */,
			);
			name = LaunchScreen.storyboard;
			sourceTree = "<group>";
		};
/* End PBXVariantGroup section */

/* Begin XCBuildConfiguration section */
		BB5355861BEF765800321277 /* Debug */ = {
			isa = XCBuildConfiguration;
			buildSettings = {
				ALWAYS_SEARCH_USER_PATHS = NO;
				CLANG_CXX_LANGUAGE_STANDARD = "gnu++0x";
				CLANG_CXX_LIBRARY = "libc++";
				CLANG_ENABLE_MODULES = YES;
				CLANG_ENABLE_OBJC_ARC = YES;
				CLANG_WARN_BOOL_CONVERSION = YES;
				CLANG_WARN_CONSTANT_CONVERSION = YES;
				CLANG_WARN_DIRECT_OBJC_ISA_USAGE = YES_ERROR;
				CLANG_WARN_EMPTY_BODY = YES;
				CLANG_WARN_ENUM_CONVERSION = YES;
				CLANG_WARN_INFINITE_RECURSION = YES;
				CLANG_WARN_INT_CONVERSION = YES;
				CLANG_WARN_OBJC_ROOT_CLASS = YES_ERROR;
				CLANG_WARN_SUSPICIOUS_MOVE = YES;
				CLANG_WARN_UNREACHABLE_CODE = YES;
				CLANG_WARN__DUPLICATE_METHOD_MATCH = YES;
				"CODE_SIGN_IDENTITY[sdk=iphoneos*]" = "iPhone Developer";
				COPY_PHASE_STRIP = NO;
				DEBUG_INFORMATION_FORMAT = dwarf;
				ENABLE_STRICT_OBJC_MSGSEND = YES;
				ENABLE_TESTABILITY = YES;
				GCC_C_LANGUAGE_STANDARD = gnu99;
				GCC_DYNAMIC_NO_PIC = NO;
				GCC_NO_COMMON_BLOCKS = YES;
				GCC_OPTIMIZATION_LEVEL = 0;
				GCC_PREPROCESSOR_DEFINITIONS = (
					"DEBUG=1",
					"$(inherited)",
				);
				GCC_WARN_64_TO_32_BIT_CONVERSION = YES;
				GCC_WARN_ABOUT_RETURN_TYPE = YES_ERROR;
				GCC_WARN_UNDECLARED_SELECTOR = YES;
				GCC_WARN_UNINITIALIZED_AUTOS = YES_AGGRESSIVE;
				GCC_WARN_UNUSED_FUNCTION = YES;
				GCC_WARN_UNUSED_VARIABLE = YES;
				IPHONEOS_DEPLOYMENT_TARGET = 9.0;
				MTL_ENABLE_DEBUG_INFO = YES;
				ONLY_ACTIVE_ARCH = YES;
				PRODUCT_NAME = RIC;
				SDKROOT = iphoneos;
				SWIFT_OPTIMIZATION_LEVEL = "-Onone";
			};
			name = Debug;
		};
		BB5355871BEF765800321277 /* Release */ = {
			isa = XCBuildConfiguration;
			buildSettings = {
				ALWAYS_SEARCH_USER_PATHS = NO;
				CLANG_CXX_LANGUAGE_STANDARD = "gnu++0x";
				CLANG_CXX_LIBRARY = "libc++";
				CLANG_ENABLE_MODULES = YES;
				CLANG_ENABLE_OBJC_ARC = YES;
				CLANG_WARN_BOOL_CONVERSION = YES;
				CLANG_WARN_CONSTANT_CONVERSION = YES;
				CLANG_WARN_DIRECT_OBJC_ISA_USAGE = YES_ERROR;
				CLANG_WARN_EMPTY_BODY = YES;
				CLANG_WARN_ENUM_CONVERSION = YES;
				CLANG_WARN_INFINITE_RECURSION = YES;
				CLANG_WARN_INT_CONVERSION = YES;
				CLANG_WARN_OBJC_ROOT_CLASS = YES_ERROR;
				CLANG_WARN_SUSPICIOUS_MOVE = YES;
				CLANG_WARN_UNREACHABLE_CODE = YES;
				CLANG_WARN__DUPLICATE_METHOD_MATCH = YES;
				"CODE_SIGN_IDENTITY[sdk=iphoneos*]" = "iPhone Developer";
				COPY_PHASE_STRIP = NO;
				DEBUG_INFORMATION_FORMAT = "dwarf-with-dsym";
				ENABLE_NS_ASSERTIONS = NO;
				ENABLE_STRICT_OBJC_MSGSEND = YES;
				GCC_C_LANGUAGE_STANDARD = gnu99;
				GCC_NO_COMMON_BLOCKS = YES;
				GCC_WARN_64_TO_32_BIT_CONVERSION = YES;
				GCC_WARN_ABOUT_RETURN_TYPE = YES_ERROR;
				GCC_WARN_UNDECLARED_SELECTOR = YES;
				GCC_WARN_UNINITIALIZED_AUTOS = YES_AGGRESSIVE;
				GCC_WARN_UNUSED_FUNCTION = YES;
				GCC_WARN_UNUSED_VARIABLE = YES;
				IPHONEOS_DEPLOYMENT_TARGET = 9.0;
				MTL_ENABLE_DEBUG_INFO = NO;
				PRODUCT_NAME = RIC;
				SDKROOT = iphoneos;
				VALIDATE_PRODUCT = YES;
			};
			name = Release;
		};
		BB5355891BEF765800321277 /* Debug */ = {
			isa = XCBuildConfiguration;
			baseConfigurationReference = 7F69972DA3F799F643A9EEE0 /* Pods-ChatChat.debug.xcconfig */;
			buildSettings = {
				ALWAYS_EMBED_SWIFT_STANDARD_LIBRARIES = YES;
				ASSETCATALOG_COMPILER_APPICON_NAME = AppIcon;
				CLANG_ENABLE_MODULES = YES;
				CODE_SIGN_ENTITLEMENTS = ChatChat/ChatChat.entitlements;
				CODE_SIGN_IDENTITY = "iPhone Developer: Anh Son Le (JV9RZ28ZA6)";
				"CODE_SIGN_IDENTITY[sdk=iphoneos*]" = "iPhone Developer";
				DEVELOPMENT_TEAM = 556LZQ7WUH;
				INFOPLIST_FILE = ChatChat/Info.plist;
				IPHONEOS_DEPLOYMENT_TARGET = 9.3;
				LD_RUNPATH_SEARCH_PATHS = "$(inherited) @executable_path/Frameworks";
				PRODUCT_BUNDLE_IDENTIFIER = com.thjnh195.xchat;
				PRODUCT_NAME = "$(TARGET_NAME)";
				PROVISIONING_PROFILE = "9a2ee48e-1193-467c-9994-06d26b017031";
				PROVISIONING_PROFILE_SPECIFIER = "thjnh - xchat-dv";
				SWIFT_OBJC_BRIDGING_HEADER = "ChatChat/ChatChat-Bridging-Header.h";
				SWIFT_OPTIMIZATION_LEVEL = "-Onone";
				SWIFT_VERSION = 3.0;
			};
			name = Debug;
		};
		BB53558A1BEF765800321277 /* Release */ = {
			isa = XCBuildConfiguration;
			baseConfigurationReference = 2B44689BE4A7247F46955B09 /* Pods-ChatChat.release.xcconfig */;
			buildSettings = {
				ALWAYS_EMBED_SWIFT_STANDARD_LIBRARIES = YES;
				ASSETCATALOG_COMPILER_APPICON_NAME = AppIcon;
				CLANG_ENABLE_MODULES = YES;
				CODE_SIGN_ENTITLEMENTS = ChatChat/ChatChat.entitlements;
				CODE_SIGN_IDENTITY = "";
				"CODE_SIGN_IDENTITY[sdk=iphoneos*]" = "iPhone Developer";
				DEVELOPMENT_TEAM = "";
				INFOPLIST_FILE = ChatChat/Info.plist;
				IPHONEOS_DEPLOYMENT_TARGET = 9.3;
				LD_RUNPATH_SEARCH_PATHS = "$(inherited) @executable_path/Frameworks";
				PRODUCT_BUNDLE_IDENTIFIER = com.thjnh195.xchat;
				PRODUCT_NAME = "$(TARGET_NAME)";
				PROVISIONING_PROFILE = "";
				PROVISIONING_PROFILE_SPECIFIER = "";
				SWIFT_OBJC_BRIDGING_HEADER = "ChatChat/ChatChat-Bridging-Header.h";
				SWIFT_OPTIMIZATION_LEVEL = "-Owholemodule";
				SWIFT_VERSION = 3.0;
			};
			name = Release;
		};
/* End XCBuildConfiguration section */

/* Begin XCConfigurationList section */
		BB5355711BEF765800321277 /* Build configuration list for PBXProject "ChatChat" */ = {
			isa = XCConfigurationList;
			buildConfigurations = (
				BB5355861BEF765800321277 /* Debug */,
				BB5355871BEF765800321277 /* Release */,
			);
			defaultConfigurationIsVisible = 0;
			defaultConfigurationName = Release;
		};
		BB5355881BEF765800321277 /* Build configuration list for PBXNativeTarget "ChatChat" */ = {
			isa = XCConfigurationList;
			buildConfigurations = (
				BB5355891BEF765800321277 /* Debug */,
				BB53558A1BEF765800321277 /* Release */,
			);
			defaultConfigurationIsVisible = 0;
			defaultConfigurationName = Release;
		};
/* End XCConfigurationList section */
	};
	rootObject = BB53556E1BEF765800321277 /* Project object */;
}
